
Microsoft Visual Studio Solution File, Format Version 12.00
# Visual Studio Version 16
VisualStudioVersion = 16.0.30621.155
MinimumVisualStudioVersion = 10.0.40219.1
Project("{FAE04EC0-301F-11D3-BF4B-00C04F79EFBC}") = "Forms", "Forms.csproj", "{19AA713A-1E3C-4126-84EA-6AD5E926BF8D}"
EndProject
Global
	GlobalSection(SolutionConfigurationPlatforms) = preSolution
		Debug|Any CPU = Debug|Any CPU
		Release|Any CPU = Release|Any CPU
	EndGlobalSection
	GlobalSection(ProjectConfigurationPlatforms) = postSolution
		{19AA713A-1E3C-4126-84EA-6AD5E926BF8D}.Debug|Any CPU.ActiveCfg = Debug|Any CPU
		{19AA713A-1E3C-4126-84EA-6AD5E926BF8D}.Debug|Any CPU.Build.0 = Debug|Any CPU
		{19AA713A-1E3C-4126-84EA-6AD5E926BF8D}.Release|Any CPU.ActiveCfg = Release|Any CPU
		{19AA713A-1E3C-4126-84EA-6AD5E926BF8D}.Release|Any CPU.Build.0 = Release|Any CPU
	EndGlobalSection
	GlobalSection(SolutionProperties) = preSolution
		HideSolutionNode = FALSE
	EndGlobalSection
	GlobalSection(ExtensibilityGlobals) = postSolution
		SolutionGuid = {9403D0F3-5D98-45C2-989B-CA09D7C4DC2C}
	EndGlobalSection
EndGlobal
